<Solution>
  <Folder Name="/src/">
    <Project Path="src/WorkflowEngine.Server/WorkflowEngine.Server.csproj" />
    <Project Path="src/WorkflowEngine/WorkflowEngine.csproj" />
  </Folder>
  <Folder Name="/tests/">
    <Project Path="tests/WorkflowEngine.Tests/WorkflowEngine.Tests.csproj" />
  </Folder>
</Solution>
