<Solution>
  <Folder Name="/src/">
    <Project Path="src/WorkflowEngine.Domain/WorkflowEngine.Domain.csproj" />
    <Project Path="src/WorkflowEngine.Application/WorkflowEngine.Application.csproj" />
    <Project Path="src/WorkflowEngine.Infrastructure/WorkflowEngine.Infrastructure.csproj" />
    <Project Path="src/WorkflowEngine.Server/WorkflowEngine.Server.csproj" />
  </Folder>
  <Folder Name="/examples/">
    <Project Path="examples/Scenario/Scenario.csproj" />
  </Folder>
  <Folder Name="/tests/">
    <Project Path="tests/WorkflowEngine.Tests/WorkflowEngine.Tests.csproj" />
  </Folder>
</Solution>
